
Microsoft Visual Studio Solution File, Format Version 12.00
# Visual Studio Version 16
VisualStudioVersion = 16.0.30204.135
MinimumVisualStudioVersion = 10.0.40219.1
Project("{9A19103F-16F7-4668-BE54-9A1E7A4F7556}") = "DocMaker", "DocMaker.csproj", "{63EDE8C4-A716-449F-AB00-3334FC38F1C3}"
EndProject
Global
	GlobalSection(SolutionConfigurationPlatforms) = preSolution
		Debug|Any CPU = Debug|Any CPU
		Release|Any CPU = Release|Any CPU
	EndGlobalSection
	GlobalSection(ProjectConfigurationPlatforms) = postSolution
		{63EDE8C4-A716-449F-AB00-3334FC38F1C3}.Debug|Any CPU.ActiveCfg = Debug|Any CPU
		{63EDE8C4-A716-449F-AB00-3334FC38F1C3}.Debug|Any CPU.Build.0 = Debug|Any CPU
		{63EDE8C4-A716-449F-AB00-3334FC38F1C3}.Release|Any CPU.ActiveCfg = Release|Any CPU
		{63EDE8C4-A716-449F-AB00-3334FC38F1C3}.Release|Any CPU.Build.0 = Release|Any CPU
	EndGlobalSection
	GlobalSection(SolutionProperties) = preSolution
		HideSolutionNode = FALSE
	EndGlobalSection
	GlobalSection(ExtensibilityGlobals) = postSolution
		SolutionGuid = {3A9445F6-EB0E-4E48-982F-D212325457D0}
	EndGlobalSection
EndGlobal
