
Microsoft Visual Studio Solution File, Format Version 12.00
# Visual Studio Version 16
VisualStudioVersion = 16.0.30011.22
MinimumVisualStudioVersion = 10.0.40219.1
Project("{FAE04EC0-301F-11D3-BF4B-00C04F79EFBC}") = "TagHelperAuthoring", "TagHelperAuthoring.csproj", "{38C636ED-D4BB-4EF5-9B09-9791A7B4F19E}"
EndProject
Global
	GlobalSection(SolutionConfigurationPlatforms) = preSolution
		Debug|Any CPU = Debug|Any CPU
		Release|Any CPU = Release|Any CPU
	EndGlobalSection
	GlobalSection(ProjectConfigurationPlatforms) = postSolution
		{38C636ED-D4BB-4EF5-9B09-9791A7B4F19E}.Debug|Any CPU.ActiveCfg = Debug|Any CPU
		{38C636ED-D4BB-4EF5-9B09-9791A7B4F19E}.Debug|Any CPU.Build.0 = Debug|Any CPU
		{38C636ED-D4BB-4EF5-9B09-9791A7B4F19E}.Release|Any CPU.ActiveCfg = Release|Any CPU
		{38C636ED-D4BB-4EF5-9B09-9791A7B4F19E}.Release|Any CPU.Build.0 = Release|Any CPU
	EndGlobalSection
	GlobalSection(SolutionProperties) = preSolution
		HideSolutionNode = FALSE
	EndGlobalSection
	GlobalSection(ExtensibilityGlobals) = postSolution
		SolutionGuid = {2A027414-AA35-4709-945B-7F17DEFED69E}
	EndGlobalSection
EndGlobal
