
Microsoft Visual Studio Solution File, Format Version 12.00
# Visual Studio Version 16
VisualStudioVersion = 16.0.29609.76
MinimumVisualStudioVersion = 10.0.40219.1
Project("{FAE04EC0-301F-11D3-BF4B-00C04F79EFBC}") = "NetLearnerApp", "NetLearnerApp.csproj", "{ED92B94A-006D-4112-9217-1258FD4B69BE}"
EndProject
Project("{FAE04EC0-301F-11D3-BF4B-00C04F79EFBC}") = "NetLearner.SharedLib", "..\NetLearner.SharedLib\NetLearner.SharedLib.csproj", "{EFAA9E65-A44A-41F7-A655-472ABF1E2997}"
EndProject
Project("{FAE04EC0-301F-11D3-BF4B-00C04F79EFBC}") = "NetLearner.Mvc", "..\NetLearner.Mvc\NetLearner.Mvc.csproj", "{3E4844AA-9D37-48D2-847E-C32D7812A139}"
EndProject
Project("{FAE04EC0-301F-11D3-BF4B-00C04F79EFBC}") = "NetLearner.Pages", "..\NetLearner.Pages\NetLearner.Pages.csproj", "{3072AB16-3B42-4F9D-AF7B-F5AB108DB227}"
EndProject
Project("{FAE04EC0-301F-11D3-BF4B-00C04F79EFBC}") = "NetLearner.Blazor", "..\NetLearner.Blazor\NetLearner.Blazor.csproj", "{22471D33-45B9-44E1-9D6E-A710DA10DC99}"
EndProject
Global
	GlobalSection(SolutionConfigurationPlatforms) = preSolution
		Debug|Any CPU = Debug|Any CPU
		Release|Any CPU = Release|Any CPU
	EndGlobalSection
	GlobalSection(ProjectConfigurationPlatforms) = postSolution
		{ED92B94A-006D-4112-9217-1258FD4B69BE}.Debug|Any CPU.ActiveCfg = Debug|Any CPU
		{ED92B94A-006D-4112-9217-1258FD4B69BE}.Debug|Any CPU.Build.0 = Debug|Any CPU
		{ED92B94A-006D-4112-9217-1258FD4B69BE}.Release|Any CPU.ActiveCfg = Release|Any CPU
		{ED92B94A-006D-4112-9217-1258FD4B69BE}.Release|Any CPU.Build.0 = Release|Any CPU
		{EFAA9E65-A44A-41F7-A655-472ABF1E2997}.Debug|Any CPU.ActiveCfg = Debug|Any CPU
		{EFAA9E65-A44A-41F7-A655-472ABF1E2997}.Debug|Any CPU.Build.0 = Debug|Any CPU
		{EFAA9E65-A44A-41F7-A655-472ABF1E2997}.Release|Any CPU.ActiveCfg = Release|Any CPU
		{EFAA9E65-A44A-41F7-A655-472ABF1E2997}.Release|Any CPU.Build.0 = Release|Any CPU
		{3E4844AA-9D37-48D2-847E-C32D7812A139}.Debug|Any CPU.ActiveCfg = Debug|Any CPU
		{3E4844AA-9D37-48D2-847E-C32D7812A139}.Debug|Any CPU.Build.0 = Debug|Any CPU
		{3E4844AA-9D37-48D2-847E-C32D7812A139}.Release|Any CPU.ActiveCfg = Release|Any CPU
		{3E4844AA-9D37-48D2-847E-C32D7812A139}.Release|Any CPU.Build.0 = Release|Any CPU
		{3072AB16-3B42-4F9D-AF7B-F5AB108DB227}.Debug|Any CPU.ActiveCfg = Debug|Any CPU
		{3072AB16-3B42-4F9D-AF7B-F5AB108DB227}.Debug|Any CPU.Build.0 = Debug|Any CPU
		{3072AB16-3B42-4F9D-AF7B-F5AB108DB227}.Release|Any CPU.ActiveCfg = Release|Any CPU
		{3072AB16-3B42-4F9D-AF7B-F5AB108DB227}.Release|Any CPU.Build.0 = Release|Any CPU
		{22471D33-45B9-44E1-9D6E-A710DA10DC99}.Debug|Any CPU.ActiveCfg = Debug|Any CPU
		{22471D33-45B9-44E1-9D6E-A710DA10DC99}.Debug|Any CPU.Build.0 = Debug|Any CPU
		{22471D33-45B9-44E1-9D6E-A710DA10DC99}.Release|Any CPU.ActiveCfg = Release|Any CPU
		{22471D33-45B9-44E1-9D6E-A710DA10DC99}.Release|Any CPU.Build.0 = Release|Any CPU
	EndGlobalSection
	GlobalSection(SolutionProperties) = preSolution
		HideSolutionNode = FALSE
	EndGlobalSection
	GlobalSection(ExtensibilityGlobals) = postSolution
		SolutionGuid = {1630246B-29C2-4F69-830E-872F1F40E28F}
	EndGlobalSection
EndGlobal
