
Microsoft Visual Studio Solution File, Format Version 12.00
# Visual Studio Version 16
VisualStudioVersion = 16.0.30002.166
MinimumVisualStudioVersion = 10.0.40219.1
Project("{FAE04EC0-301F-11D3-BF4B-00C04F79EFBC}") = "OrgAuth.Mvc", "OrgAuth.Mvc\OrgAuth.Mvc.csproj", "{2CA3423A-587B-4EF6-99EE-C2B83A904630}"
EndProject
Project("{FAE04EC0-301F-11D3-BF4B-00C04F79EFBC}") = "OrgAuth.Pages", "OrgAuth.Pages\OrgAuth.Pages.csproj", "{3801D19B-887F-4977-9F32-B5AF52A48C49}"
EndProject
Project("{FAE04EC0-301F-11D3-BF4B-00C04F79EFBC}") = "OrgAuth.Blazor", "OrgAuth.Blazor\OrgAuth.Blazor.csproj", "{75F587D4-BECD-4D88-ADBD-09AAA61E84AD}"
EndProject
Global
	GlobalSection(SolutionConfigurationPlatforms) = preSolution
		Debug|Any CPU = Debug|Any CPU
		Release|Any CPU = Release|Any CPU
	EndGlobalSection
	GlobalSection(ProjectConfigurationPlatforms) = postSolution
		{2CA3423A-587B-4EF6-99EE-C2B83A904630}.Debug|Any CPU.ActiveCfg = Debug|Any CPU
		{2CA3423A-587B-4EF6-99EE-C2B83A904630}.Debug|Any CPU.Build.0 = Debug|Any CPU
		{2CA3423A-587B-4EF6-99EE-C2B83A904630}.Release|Any CPU.ActiveCfg = Release|Any CPU
		{2CA3423A-587B-4EF6-99EE-C2B83A904630}.Release|Any CPU.Build.0 = Release|Any CPU
		{3801D19B-887F-4977-9F32-B5AF52A48C49}.Debug|Any CPU.ActiveCfg = Debug|Any CPU
		{3801D19B-887F-4977-9F32-B5AF52A48C49}.Debug|Any CPU.Build.0 = Debug|Any CPU
		{3801D19B-887F-4977-9F32-B5AF52A48C49}.Release|Any CPU.ActiveCfg = Release|Any CPU
		{3801D19B-887F-4977-9F32-B5AF52A48C49}.Release|Any CPU.Build.0 = Release|Any CPU
		{75F587D4-BECD-4D88-ADBD-09AAA61E84AD}.Debug|Any CPU.ActiveCfg = Debug|Any CPU
		{75F587D4-BECD-4D88-ADBD-09AAA61E84AD}.Debug|Any CPU.Build.0 = Debug|Any CPU
		{75F587D4-BECD-4D88-ADBD-09AAA61E84AD}.Release|Any CPU.ActiveCfg = Release|Any CPU
		{75F587D4-BECD-4D88-ADBD-09AAA61E84AD}.Release|Any CPU.Build.0 = Release|Any CPU
	EndGlobalSection
	GlobalSection(SolutionProperties) = preSolution
		HideSolutionNode = FALSE
	EndGlobalSection
	GlobalSection(ExtensibilityGlobals) = postSolution
		SolutionGuid = {8639F9E9-C820-4AEE-B695-E4C14EE87C8A}
	EndGlobalSection
EndGlobal
